// !$*UTF8*$!
{
	archiveVersion = 1;
	classes = {
	};
	objectVersion = 55;
	objects = {

/* Begin PBXBuildFile section */
		671B634A27707018007CD051 /* CoreDataManager.swift in Sources */ = {isa = PBXBuildFile; fileRef = 671B634927707018007CD051 /* CoreDataManager.swift */; };
		671B634D27707135007CD051 /* Constants.swift in Sources */ = {isa = PBXBuildFile; fileRef = 671B634C27707135007CD051 /* Constants.swift */; };
		67285C692782B715009108D7 /* UIColor+Extension.swift in Sources */ = {isa = PBXBuildFile; fileRef = 67285C682782B715009108D7 /* UIColor+Extension.swift */; };
		67285C6B2782B720009108D7 /* UIImage+Extension.swift in Sources */ = {isa = PBXBuildFile; fileRef = 67285C6A2782B720009108D7 /* UIImage+Extension.swift */; };
		67285C6D2782B72F009108D7 /* UILabel+Extension.swift in Sources */ = {isa = PBXBuildFile; fileRef = 67285C6C2782B72F009108D7 /* UILabel+Extension.swift */; };
		67285C6F2782B73C009108D7 /* UIView+Extension.swift in Sources */ = {isa = PBXBuildFile; fileRef = 67285C6E2782B73C009108D7 /* UIView+Extension.swift */; };
		67285C712782B74D009108D7 /* UIViewController+Extension.swift in Sources */ = {isa = PBXBuildFile; fileRef = 67285C702782B74D009108D7 /* UIViewController+Extension.swift */; };
		67285C732782B75D009108D7 /* UIImageView+Extension.swift in Sources */ = {isa = PBXBuildFile; fileRef = 67285C722782B75D009108D7 /* UIImageView+Extension.swift */; };
		67285C752782B76D009108D7 /* UIPageView+Extension.swift in Sources */ = {isa = PBXBuildFile; fileRef = 67285C742782B76D009108D7 /* UIPageView+Extension.swift */; };
		67285C772782B77B009108D7 /* UIDevice+Extension.swift in Sources */ = {isa = PBXBuildFile; fileRef = 67285C762782B77B009108D7 /* UIDevice+Extension.swift */; };
		67285C7B2782BA98009108D7 /* FoodTracker.storyboard in Resources */ = {isa = PBXBuildFile; fileRef = 67285C7A2782BA98009108D7 /* FoodTracker.storyboard */; };
		67285C7D2782BAB8009108D7 /* FoodTrackerViewController.swift in Sources */ = {isa = PBXBuildFile; fileRef = 67285C7C2782BAB8009108D7 /* FoodTrackerViewController.swift */; };
		67285C7F27845DB9009108D7 /* CompostList.storyboard in Resources */ = {isa = PBXBuildFile; fileRef = 67285C7E27845DB9009108D7 /* CompostList.storyboard */; };
		67285C8127845DC6009108D7 /* CompostListViewController.swift in Sources */ = {isa = PBXBuildFile; fileRef = 67285C8027845DC6009108D7 /* CompostListViewController.swift */; };
		67285C8427845DF8009108D7 /* FoodFormViewController.swift in Sources */ = {isa = PBXBuildFile; fileRef = 67285C8327845DF8009108D7 /* FoodFormViewController.swift */; };
		67285C8827845E12009108D7 /* FoodForm.storyboard in Resources */ = {isa = PBXBuildFile; fileRef = 67285C8727845E12009108D7 /* FoodForm.storyboard */; };
		67285C8B27845E40009108D7 /* CompostForm.storyboard in Resources */ = {isa = PBXBuildFile; fileRef = 67285C8A27845E40009108D7 /* CompostForm.storyboard */; };
		67285C8D27845E4F009108D7 /* CompostFormViewController.swift in Sources */ = {isa = PBXBuildFile; fileRef = 67285C8C27845E4F009108D7 /* CompostFormViewController.swift */; };
		67285C9027845E8F009108D7 /* RootTabBar.storyboard in Resources */ = {isa = PBXBuildFile; fileRef = 67285C8F27845E8F009108D7 /* RootTabBar.storyboard */; };
		67285C9327845F62009108D7 /* ArticleList.storyboard in Resources */ = {isa = PBXBuildFile; fileRef = 67285C9227845F62009108D7 /* ArticleList.storyboard */; };
		67285C9527845F6D009108D7 /* ArticleListViewController.swift in Sources */ = {isa = PBXBuildFile; fileRef = 67285C9427845F6D009108D7 /* ArticleListViewController.swift */; };
		67285C9927845FA1009108D7 /* ArticleDetailViewController.swift in Sources */ = {isa = PBXBuildFile; fileRef = 67285C9827845FA1009108D7 /* ArticleDetailViewController.swift */; };
		67285C9B27845FAC009108D7 /* ArticleDetail.storyboard in Resources */ = {isa = PBXBuildFile; fileRef = 67285C9A27845FAC009108D7 /* ArticleDetail.storyboard */; };
		673A0507278BE20C008A2EE1 /* PreloadFoodData.swift in Sources */ = {isa = PBXBuildFile; fileRef = 673A0506278BE20C008A2EE1 /* PreloadFoodData.swift */; };
		673A0509278BE24F008A2EE1 /* FoodDataRepository.swift in Sources */ = {isa = PBXBuildFile; fileRef = 673A0508278BE24F008A2EE1 /* FoodDataRepository.swift */; };
		673A050B278BE38E008A2EE1 /* FoodCategoryRepository.swift in Sources */ = {isa = PBXBuildFile; fileRef = 673A050A278BE38E008A2EE1 /* FoodCategoryRepository.swift */; };
		673A050D278BE9DA008A2EE1 /* CompostDataRepsitory.swift in Sources */ = {isa = PBXBuildFile; fileRef = 673A050C278BE9DA008A2EE1 /* CompostDataRepsitory.swift */; };
		673A050F278BEA34008A2EE1 /* CompostDetailRepository.swift in Sources */ = {isa = PBXBuildFile; fileRef = 673A050E278BEA34008A2EE1 /* CompostDetailRepository.swift */; };
		673A0511278BEA44008A2EE1 /* PreloadFoodCategory.swift in Sources */ = {isa = PBXBuildFile; fileRef = 673A0510278BEA44008A2EE1 /* PreloadFoodCategory.swift */; };
		673A0513278BEA54008A2EE1 /* PreloadCompostData.swift in Sources */ = {isa = PBXBuildFile; fileRef = 673A0512278BEA54008A2EE1 /* PreloadCompostData.swift */; };
		673A0515278BEA62008A2EE1 /* PreloadCompostDetail.swift in Sources */ = {isa = PBXBuildFile; fileRef = 673A0514278BEA62008A2EE1 /* PreloadCompostDetail.swift */; };
		673A051C278BF676008A2EE1 /* FoodItemRecommendationCell.swift in Sources */ = {isa = PBXBuildFile; fileRef = 673A051A278BF676008A2EE1 /* FoodItemRecommendationCell.swift */; };
		673A051D278BF676008A2EE1 /* FoodItemRecommendationCell.xib in Resources */ = {isa = PBXBuildFile; fileRef = 673A051B278BF676008A2EE1 /* FoodItemRecommendationCell.xib */; };
		673A0520278C4A74008A2EE1 /* FoodCategoryCollectionCell.swift in Sources */ = {isa = PBXBuildFile; fileRef = 673A051E278C4A74008A2EE1 /* FoodCategoryCollectionCell.swift */; };
		673A0521278C4A74008A2EE1 /* FoodCategoryCollectionCell.xib in Resources */ = {isa = PBXBuildFile; fileRef = 673A051F278C4A74008A2EE1 /* FoodCategoryCollectionCell.xib */; };
		673A0524278C532E008A2EE1 /* LabelWithTextField.swift in Sources */ = {isa = PBXBuildFile; fileRef = 673A0523278C532E008A2EE1 /* LabelWithTextField.swift */; };
		673A0526278C533E008A2EE1 /* LabelWithTextField.xib in Resources */ = {isa = PBXBuildFile; fileRef = 673A0525278C533E008A2EE1 /* LabelWithTextField.xib */; };
		673A052A278C536B008A2EE1 /* LabelWithDate.swift in Sources */ = {isa = PBXBuildFile; fileRef = 673A0529278C536B008A2EE1 /* LabelWithDate.swift */; };
		673A052C278C5377008A2EE1 /* LabelWithDate.xib in Resources */ = {isa = PBXBuildFile; fileRef = 673A052B278C5377008A2EE1 /* LabelWithDate.xib */; };
		67461DD727945B87005BFFD8 /* ArticleListCell.swift in Sources */ = {isa = PBXBuildFile; fileRef = 67461DD527945B87005BFFD8 /* ArticleListCell.swift */; };
		67461DD827945B87005BFFD8 /* ArticleListCell.xib in Resources */ = {isa = PBXBuildFile; fileRef = 67461DD627945B87005BFFD8 /* ArticleListCell.xib */; };
		67F09F1227732E3300B0C469 /* FoodRecordCell.swift in Sources */ = {isa = PBXBuildFile; fileRef = 67F09F1027732E3300B0C469 /* FoodRecordCell.swift */; };
		67F09F1327732E3300B0C469 /* FoodRecordCell.xib in Resources */ = {isa = PBXBuildFile; fileRef = 67F09F1127732E3300B0C469 /* FoodRecordCell.xib */; };
		67F09F1627732F7100B0C469 /* CompostTableCell.swift in Sources */ = {isa = PBXBuildFile; fileRef = 67F09F1427732F7100B0C469 /* CompostTableCell.swift */; };
		67F09F1727732F7100B0C469 /* CompostTableCell.xib in Resources */ = {isa = PBXBuildFile; fileRef = 67F09F1527732F7100B0C469 /* CompostTableCell.xib */; };
		67F09F1C27732FC700B0C469 /* FoodCategoryCell.swift in Sources */ = {isa = PBXBuildFile; fileRef = 67F09F1A27732FC700B0C469 /* FoodCategoryCell.swift */; };
		67F09F1D27732FC700B0C469 /* FoodCategoryCell.xib in Resources */ = {isa = PBXBuildFile; fileRef = 67F09F1B27732FC700B0C469 /* FoodCategoryCell.xib */; };
		67F09F212773307200B0C469 /* Date+Extension.swift in Sources */ = {isa = PBXBuildFile; fileRef = 67F09F202773307200B0C469 /* Date+Extension.swift */; };
		67F09F232773309800B0C469 /* UIButton+Extension.swift in Sources */ = {isa = PBXBuildFile; fileRef = 67F09F222773309800B0C469 /* UIButton+Extension.swift */; };
		67F09F262773311D00B0C469 /* Int+Extension.swift in Sources */ = {isa = PBXBuildFile; fileRef = 67F09F252773311D00B0C469 /* Int+Extension.swift */; };
		67F09F282773312C00B0C469 /* String+Extension.swift in Sources */ = {isa = PBXBuildFile; fileRef = 67F09F272773312C00B0C469 /* String+Extension.swift */; };
		67F09F2A2773313D00B0C469 /* TableViewCell+Extension.swift in Sources */ = {isa = PBXBuildFile; fileRef = 67F09F292773313D00B0C469 /* TableViewCell+Extension.swift */; };
		67F09F2C2773314A00B0C469 /* Cell+Extension.swift in Sources */ = {isa = PBXBuildFile; fileRef = 67F09F2B2773314A00B0C469 /* Cell+Extension.swift */; };
		67F35B43276AE2470068985B /* AppDelegate.swift in Sources */ = {isa = PBXBuildFile; fileRef = 67F35B42276AE2470068985B /* AppDelegate.swift */; };
		67F35B45276AE2470068985B /* SceneDelegate.swift in Sources */ = {isa = PBXBuildFile; fileRef = 67F35B44276AE2470068985B /* SceneDelegate.swift */; };
		67F35B47276AE2470068985B /* ViewController.swift in Sources */ = {isa = PBXBuildFile; fileRef = 67F35B46276AE2470068985B /* ViewController.swift */; };
		67F35B4A276AE2470068985B /* Main.storyboard in Resources */ = {isa = PBXBuildFile; fileRef = 67F35B48276AE2470068985B /* Main.storyboard */; };
		67F35B4D276AE2470068985B /* foodtracker_thesis.xcdatamodeld in Sources */ = {isa = PBXBuildFile; fileRef = 67F35B4B276AE2470068985B /* foodtracker_thesis.xcdatamodeld */; };
		67F35B4F276AE2480068985B /* Assets.xcassets in Resources */ = {isa = PBXBuildFile; fileRef = 67F35B4E276AE2480068985B /* Assets.xcassets */; };
		67F35B52276AE2480068985B /* LaunchScreen.storyboard in Resources */ = {isa = PBXBuildFile; fileRef = 67F35B50276AE2480068985B /* LaunchScreen.storyboard */; };
		67F35B5D276AE2490068985B /* foodtracker_thesisTests.swift in Sources */ = {isa = PBXBuildFile; fileRef = 67F35B5C276AE2490068985B /* foodtracker_thesisTests.swift */; };
		67F35B67276AE2490068985B /* foodtracker_thesisUITests.swift in Sources */ = {isa = PBXBuildFile; fileRef = 67F35B66276AE2490068985B /* foodtracker_thesisUITests.swift */; };
		67F35B69276AE2490068985B /* foodtracker_thesisUITestsLaunchTests.swift in Sources */ = {isa = PBXBuildFile; fileRef = 67F35B68276AE2490068985B /* foodtracker_thesisUITestsLaunchTests.swift */; };
/* End PBXBuildFile section */

/* Begin PBXContainerItemProxy section */
		67F35B59276AE2490068985B /* PBXContainerItemProxy */ = {
			isa = PBXContainerItemProxy;
			containerPortal = 67F35B37276AE2460068985B /* Project object */;
			proxyType = 1;
			remoteGlobalIDString = 67F35B3E276AE2470068985B;
			remoteInfo = "foodtracker-thesis";
		};
		67F35B63276AE2490068985B /* PBXContainerItemProxy */ = {
			isa = PBXContainerItemProxy;
			containerPortal = 67F35B37276AE2460068985B /* Project object */;
			proxyType = 1;
			remoteGlobalIDString = 67F35B3E276AE2470068985B;
			remoteInfo = "foodtracker-thesis";
		};
/* End PBXContainerItemProxy section */

/* Begin PBXFileReference section */
		671B634927707018007CD051 /* CoreDataManager.swift */ = {isa = PBXFileReference; lastKnownFileType = sourcecode.swift; path = CoreDataManager.swift; sourceTree = "<group>"; };
		671B634C27707135007CD051 /* Constants.swift */ = {isa = PBXFileReference; lastKnownFileType = sourcecode.swift; path = Constants.swift; sourceTree = "<group>"; };
		67285C682782B715009108D7 /* UIColor+Extension.swift */ = {isa = PBXFileReference; lastKnownFileType = sourcecode.swift; path = "UIColor+Extension.swift"; sourceTree = "<group>"; };
		67285C6A2782B720009108D7 /* UIImage+Extension.swift */ = {isa = PBXFileReference; lastKnownFileType = sourcecode.swift; path = "UIImage+Extension.swift"; sourceTree = "<group>"; };
		67285C6C2782B72F009108D7 /* UILabel+Extension.swift */ = {isa = PBXFileReference; lastKnownFileType = sourcecode.swift; path = "UILabel+Extension.swift"; sourceTree = "<group>"; };
		67285C6E2782B73C009108D7 /* UIView+Extension.swift */ = {isa = PBXFileReference; lastKnownFileType = sourcecode.swift; path = "UIView+Extension.swift"; sourceTree = "<group>"; };
		67285C702782B74D009108D7 /* UIViewController+Extension.swift */ = {isa = PBXFileReference; lastKnownFileType = sourcecode.swift; path = "UIViewController+Extension.swift"; sourceTree = "<group>"; };
		67285C722782B75D009108D7 /* UIImageView+Extension.swift */ = {isa = PBXFileReference; lastKnownFileType = sourcecode.swift; path = "UIImageView+Extension.swift"; sourceTree = "<group>"; };
		67285C742782B76D009108D7 /* UIPageView+Extension.swift */ = {isa = PBXFileReference; lastKnownFileType = sourcecode.swift; path = "UIPageView+Extension.swift"; sourceTree = "<group>"; };
		67285C762782B77B009108D7 /* UIDevice+Extension.swift */ = {isa = PBXFileReference; lastKnownFileType = sourcecode.swift; path = "UIDevice+Extension.swift"; sourceTree = "<group>"; };
		67285C7A2782BA98009108D7 /* FoodTracker.storyboard */ = {isa = PBXFileReference; lastKnownFileType = file.storyboard; path = FoodTracker.storyboard; sourceTree = "<group>"; };
		67285C7C2782BAB8009108D7 /* FoodTrackerViewController.swift */ = {isa = PBXFileReference; lastKnownFileType = sourcecode.swift; path = FoodTrackerViewController.swift; sourceTree = "<group>"; };
		67285C7E27845DB9009108D7 /* CompostList.storyboard */ = {isa = PBXFileReference; lastKnownFileType = file.storyboard; path = CompostList.storyboard; sourceTree = "<group>"; };
		67285C8027845DC6009108D7 /* CompostListViewController.swift */ = {isa = PBXFileReference; lastKnownFileType = sourcecode.swift; path = CompostListViewController.swift; sourceTree = "<group>"; };
		67285C8327845DF8009108D7 /* FoodFormViewController.swift */ = {isa = PBXFileReference; lastKnownFileType = sourcecode.swift; path = FoodFormViewController.swift; sourceTree = "<group>"; };
		67285C8727845E12009108D7 /* FoodForm.storyboard */ = {isa = PBXFileReference; lastKnownFileType = file.storyboard; path = FoodForm.storyboard; sourceTree = "<group>"; };
		67285C8A27845E40009108D7 /* CompostForm.storyboard */ = {isa = PBXFileReference; lastKnownFileType = file.storyboard; path = CompostForm.storyboard; sourceTree = "<group>"; };
		67285C8C27845E4F009108D7 /* CompostFormViewController.swift */ = {isa = PBXFileReference; lastKnownFileType = sourcecode.swift; path = CompostFormViewController.swift; sourceTree = "<group>"; };
		67285C8F27845E8F009108D7 /* RootTabBar.storyboard */ = {isa = PBXFileReference; lastKnownFileType = file.storyboard; path = RootTabBar.storyboard; sourceTree = "<group>"; };
		67285C9227845F62009108D7 /* ArticleList.storyboard */ = {isa = PBXFileReference; lastKnownFileType = file.storyboard; path = ArticleList.storyboard; sourceTree = "<group>"; };
		67285C9427845F6D009108D7 /* ArticleListViewController.swift */ = {isa = PBXFileReference; lastKnownFileType = sourcecode.swift; path = ArticleListViewController.swift; sourceTree = "<group>"; };
		67285C9827845FA1009108D7 /* ArticleDetailViewController.swift */ = {isa = PBXFileReference; lastKnownFileType = sourcecode.swift; path = ArticleDetailViewController.swift; sourceTree = "<group>"; };
		67285C9A27845FAC009108D7 /* ArticleDetail.storyboard */ = {isa = PBXFileReference; lastKnownFileType = file.storyboard; path = ArticleDetail.storyboard; sourceTree = "<group>"; };
		673A0506278BE20C008A2EE1 /* PreloadFoodData.swift */ = {isa = PBXFileReference; lastKnownFileType = sourcecode.swift; path = PreloadFoodData.swift; sourceTree = "<group>"; };
		673A0508278BE24F008A2EE1 /* FoodDataRepository.swift */ = {isa = PBXFileReference; lastKnownFileType = sourcecode.swift; path = FoodDataRepository.swift; sourceTree = "<group>"; };
		673A050A278BE38E008A2EE1 /* FoodCategoryRepository.swift */ = {isa = PBXFileReference; lastKnownFileType = sourcecode.swift; path = FoodCategoryRepository.swift; sourceTree = "<group>"; };
		673A050C278BE9DA008A2EE1 /* CompostDataRepsitory.swift */ = {isa = PBXFileReference; lastKnownFileType = sourcecode.swift; path = CompostDataRepsitory.swift; sourceTree = "<group>"; };
		673A050E278BEA34008A2EE1 /* CompostDetailRepository.swift */ = {isa = PBXFileReference; lastKnownFileType = sourcecode.swift; path = CompostDetailRepository.swift; sourceTree = "<group>"; };
		673A0510278BEA44008A2EE1 /* PreloadFoodCategory.swift */ = {isa = PBXFileReference; lastKnownFileType = sourcecode.swift; path = PreloadFoodCategory.swift; sourceTree = "<group>"; };
		673A0512278BEA54008A2EE1 /* PreloadCompostData.swift */ = {isa = PBXFileReference; lastKnownFileType = sourcecode.swift; path = PreloadCompostData.swift; sourceTree = "<group>"; };
		673A0514278BEA62008A2EE1 /* PreloadCompostDetail.swift */ = {isa = PBXFileReference; lastKnownFileType = sourcecode.swift; path = PreloadCompostDetail.swift; sourceTree = "<group>"; };
		673A051A278BF676008A2EE1 /* FoodItemRecommendationCell.swift */ = {isa = PBXFileReference; lastKnownFileType = sourcecode.swift; path = FoodItemRecommendationCell.swift; sourceTree = "<group>"; };
		673A051B278BF676008A2EE1 /* FoodItemRecommendationCell.xib */ = {isa = PBXFileReference; lastKnownFileType = file.xib; path = FoodItemRecommendationCell.xib; sourceTree = "<group>"; };
		673A051E278C4A74008A2EE1 /* FoodCategoryCollectionCell.swift */ = {isa = PBXFileReference; lastKnownFileType = sourcecode.swift; path = FoodCategoryCollectionCell.swift; sourceTree = "<group>"; };
		673A051F278C4A74008A2EE1 /* FoodCategoryCollectionCell.xib */ = {isa = PBXFileReference; lastKnownFileType = file.xib; path = FoodCategoryCollectionCell.xib; sourceTree = "<group>"; };
		673A0523278C532E008A2EE1 /* LabelWithTextField.swift */ = {isa = PBXFileReference; lastKnownFileType = sourcecode.swift; path = LabelWithTextField.swift; sourceTree = "<group>"; };
		673A0525278C533E008A2EE1 /* LabelWithTextField.xib */ = {isa = PBXFileReference; lastKnownFileType = file.xib; path = LabelWithTextField.xib; sourceTree = "<group>"; };
		673A0529278C536B008A2EE1 /* LabelWithDate.swift */ = {isa = PBXFileReference; lastKnownFileType = sourcecode.swift; path = LabelWithDate.swift; sourceTree = "<group>"; };
		673A052B278C5377008A2EE1 /* LabelWithDate.xib */ = {isa = PBXFileReference; lastKnownFileType = file.xib; path = LabelWithDate.xib; sourceTree = "<group>"; };
		67461DD527945B87005BFFD8 /* ArticleListCell.swift */ = {isa = PBXFileReference; lastKnownFileType = sourcecode.swift; path = ArticleListCell.swift; sourceTree = "<group>"; };
		67461DD627945B87005BFFD8 /* ArticleListCell.xib */ = {isa = PBXFileReference; lastKnownFileType = file.xib; path = ArticleListCell.xib; sourceTree = "<group>"; };
		67F09F1027732E3300B0C469 /* FoodRecordCell.swift */ = {isa = PBXFileReference; lastKnownFileType = sourcecode.swift; path = FoodRecordCell.swift; sourceTree = "<group>"; };
		67F09F1127732E3300B0C469 /* FoodRecordCell.xib */ = {isa = PBXFileReference; lastKnownFileType = file.xib; path = FoodRecordCell.xib; sourceTree = "<group>"; };
		67F09F1427732F7100B0C469 /* CompostTableCell.swift */ = {isa = PBXFileReference; lastKnownFileType = sourcecode.swift; path = CompostTableCell.swift; sourceTree = "<group>"; };
		67F09F1527732F7100B0C469 /* CompostTableCell.xib */ = {isa = PBXFileReference; lastKnownFileType = file.xib; path = CompostTableCell.xib; sourceTree = "<group>"; };
		67F09F1A27732FC700B0C469 /* FoodCategoryCell.swift */ = {isa = PBXFileReference; lastKnownFileType = sourcecode.swift; path = FoodCategoryCell.swift; sourceTree = "<group>"; };
		67F09F1B27732FC700B0C469 /* FoodCategoryCell.xib */ = {isa = PBXFileReference; lastKnownFileType = file.xib; path = FoodCategoryCell.xib; sourceTree = "<group>"; };
		67F09F202773307200B0C469 /* Date+Extension.swift */ = {isa = PBXFileReference; lastKnownFileType = sourcecode.swift; path = "Date+Extension.swift"; sourceTree = "<group>"; };
		67F09F222773309800B0C469 /* UIButton+Extension.swift */ = {isa = PBXFileReference; lastKnownFileType = sourcecode.swift; path = "UIButton+Extension.swift"; sourceTree = "<group>"; };
		67F09F252773311D00B0C469 /* Int+Extension.swift */ = {isa = PBXFileReference; lastKnownFileType = sourcecode.swift; path = "Int+Extension.swift"; sourceTree = "<group>"; };
		67F09F272773312C00B0C469 /* String+Extension.swift */ = {isa = PBXFileReference; lastKnownFileType = sourcecode.swift; path = "String+Extension.swift"; sourceTree = "<group>"; };
		67F09F292773313D00B0C469 /* TableViewCell+Extension.swift */ = {isa = PBXFileReference; lastKnownFileType = sourcecode.swift; path = "TableViewCell+Extension.swift"; sourceTree = "<group>"; };
		67F09F2B2773314A00B0C469 /* Cell+Extension.swift */ = {isa = PBXFileReference; lastKnownFileType = sourcecode.swift; path = "Cell+Extension.swift"; sourceTree = "<group>"; };
		67F35B3F276AE2470068985B /* foodtracker-thesis.app */ = {isa = PBXFileReference; explicitFileType = wrapper.application; includeInIndex = 0; path = "foodtracker-thesis.app"; sourceTree = BUILT_PRODUCTS_DIR; };
		67F35B42276AE2470068985B /* AppDelegate.swift */ = {isa = PBXFileReference; lastKnownFileType = sourcecode.swift; path = AppDelegate.swift; sourceTree = "<group>"; };
		67F35B44276AE2470068985B /* SceneDelegate.swift */ = {isa = PBXFileReference; lastKnownFileType = sourcecode.swift; path = SceneDelegate.swift; sourceTree = "<group>"; };
		67F35B46276AE2470068985B /* ViewController.swift */ = {isa = PBXFileReference; lastKnownFileType = sourcecode.swift; path = ViewController.swift; sourceTree = "<group>"; };
		67F35B49276AE2470068985B /* Base */ = {isa = PBXFileReference; lastKnownFileType = file.storyboard; name = Base; path = Base.lproj/Main.storyboard; sourceTree = "<group>"; };
		67F35B4C276AE2470068985B /* foodtracker_thesis.xcdatamodel */ = {isa = PBXFileReference; lastKnownFileType = wrapper.xcdatamodel; path = foodtracker_thesis.xcdatamodel; sourceTree = "<group>"; };
		67F35B4E276AE2480068985B /* Assets.xcassets */ = {isa = PBXFileReference; lastKnownFileType = folder.assetcatalog; path = Assets.xcassets; sourceTree = "<group>"; };
		67F35B51276AE2480068985B /* Base */ = {isa = PBXFileReference; lastKnownFileType = file.storyboard; name = Base; path = Base.lproj/LaunchScreen.storyboard; sourceTree = "<group>"; };
		67F35B53276AE2480068985B /* Info.plist */ = {isa = PBXFileReference; lastKnownFileType = text.plist.xml; path = Info.plist; sourceTree = "<group>"; };
		67F35B58276AE2490068985B /* foodtracker-thesisTests.xctest */ = {isa = PBXFileReference; explicitFileType = wrapper.cfbundle; includeInIndex = 0; path = "foodtracker-thesisTests.xctest"; sourceTree = BUILT_PRODUCTS_DIR; };
		67F35B5C276AE2490068985B /* foodtracker_thesisTests.swift */ = {isa = PBXFileReference; lastKnownFileType = sourcecode.swift; path = foodtracker_thesisTests.swift; sourceTree = "<group>"; };
		67F35B62276AE2490068985B /* foodtracker-thesisUITests.xctest */ = {isa = PBXFileReference; explicitFileType = wrapper.cfbundle; includeInIndex = 0; path = "foodtracker-thesisUITests.xctest"; sourceTree = BUILT_PRODUCTS_DIR; };
		67F35B66276AE2490068985B /* foodtracker_thesisUITests.swift */ = {isa = PBXFileReference; lastKnownFileType = sourcecode.swift; path = foodtracker_thesisUITests.swift; sourceTree = "<group>"; };
		67F35B68276AE2490068985B /* foodtracker_thesisUITestsLaunchTests.swift */ = {isa = PBXFileReference; lastKnownFileType = sourcecode.swift; path = foodtracker_thesisUITestsLaunchTests.swift; sourceTree = "<group>"; };
/* End PBXFileReference section */

/* Begin PBXFrameworksBuildPhase section */
		67F35B3C276AE2470068985B /* Frameworks */ = {
			isa = PBXFrameworksBuildPhase;
			buildActionMask = 2147483647;
			files = (
			);
			runOnlyForDeploymentPostprocessing = 0;
		};
		67F35B55276AE2490068985B /* Frameworks */ = {
			isa = PBXFrameworksBuildPhase;
			buildActionMask = 2147483647;
			files = (
			);
			runOnlyForDeploymentPostprocessing = 0;
		};
		67F35B5F276AE2490068985B /* Frameworks */ = {
			isa = PBXFrameworksBuildPhase;
			buildActionMask = 2147483647;
			files = (
			);
			runOnlyForDeploymentPostprocessing = 0;
		};
/* End PBXFrameworksBuildPhase section */

/* Begin PBXGroup section */
		671B634627706FB3007CD051 /* Core */ = {
			isa = PBXGroup;
			children = (
				67F35B4B276AE2470068985B /* foodtracker_thesis.xcdatamodeld */,
				671B634927707018007CD051 /* CoreDataManager.swift */,
				671B634827706FEF007CD051 /* Mock Data */,
				671B634727706FC9007CD051 /* Repository */,
			);
			path = Core;
			sourceTree = "<group>";
		};
		671B634727706FC9007CD051 /* Repository */ = {
			isa = PBXGroup;
			children = (
				673A0508278BE24F008A2EE1 /* FoodDataRepository.swift */,
				673A050A278BE38E008A2EE1 /* FoodCategoryRepository.swift */,
				673A050C278BE9DA008A2EE1 /* CompostDataRepsitory.swift */,
				673A050E278BEA34008A2EE1 /* CompostDetailRepository.swift */,
			);
			path = Repository;
			sourceTree = "<group>";
		};
		671B634827706FEF007CD051 /* Mock Data */ = {
			isa = PBXGroup;
			children = (
				673A0506278BE20C008A2EE1 /* PreloadFoodData.swift */,
				673A0510278BEA44008A2EE1 /* PreloadFoodCategory.swift */,
				673A0512278BEA54008A2EE1 /* PreloadCompostData.swift */,
				673A0514278BEA62008A2EE1 /* PreloadCompostDetail.swift */,
			);
			path = "Mock Data";
			sourceTree = "<group>";
		};
		671B634B27707126007CD051 /* Helpers */ = {
			isa = PBXGroup;
			children = (
				67F09F242773310400B0C469 /* Extensions */,
				671B634C27707135007CD051 /* Constants.swift */,
			);
			path = Helpers;
			sourceTree = "<group>";
		};
		67285C782782BA59009108D7 /* FoodTracker */ = {
			isa = PBXGroup;
			children = (
				67285C8227845DE4009108D7 /* FoodItemForm */,
				67285C7A2782BA98009108D7 /* FoodTracker.storyboard */,
				67285C7C2782BAB8009108D7 /* FoodTrackerViewController.swift */,
			);
			path = FoodTracker;
			sourceTree = "<group>";
		};
		67285C792782BA68009108D7 /* Compost */ = {
			isa = PBXGroup;
			children = (
				67285C8927845E2D009108D7 /* CompostForm */,
				67285C7E27845DB9009108D7 /* CompostList.storyboard */,
				67285C8027845DC6009108D7 /* CompostListViewController.swift */,
			);
			path = Compost;
			sourceTree = "<group>";
		};
		67285C8227845DE4009108D7 /* FoodItemForm */ = {
			isa = PBXGroup;
			children = (
				67285C8327845DF8009108D7 /* FoodFormViewController.swift */,
				67285C8727845E12009108D7 /* FoodForm.storyboard */,
			);
			path = FoodItemForm;
			sourceTree = "<group>";
		};
		67285C8927845E2D009108D7 /* CompostForm */ = {
			isa = PBXGroup;
			children = (
				67285C8A27845E40009108D7 /* CompostForm.storyboard */,
				67285C8C27845E4F009108D7 /* CompostFormViewController.swift */,
			);
			path = CompostForm;
			sourceTree = "<group>";
		};
		67285C8E27845E79009108D7 /* RootTabBar */ = {
			isa = PBXGroup;
			children = (
				67285C8F27845E8F009108D7 /* RootTabBar.storyboard */,
			);
			path = RootTabBar;
			sourceTree = "<group>";
		};
		67285C9127845F52009108D7 /* Article */ = {
			isa = PBXGroup;
			children = (
				67285C9627845F81009108D7 /* ArticleDetail */,
				67285C9227845F62009108D7 /* ArticleList.storyboard */,
				67285C9427845F6D009108D7 /* ArticleListViewController.swift */,
			);
			path = Article;
			sourceTree = "<group>";
		};
		67285C9627845F81009108D7 /* ArticleDetail */ = {
			isa = PBXGroup;
			children = (
				67285C9827845FA1009108D7 /* ArticleDetailViewController.swift */,
				67285C9A27845FAC009108D7 /* ArticleDetail.storyboard */,
			);
			path = ArticleDetail;
			sourceTree = "<group>";
		};
		673A0522278C52EB008A2EE1 /* Global Components */ = {
			isa = PBXGroup;
			children = (
				673A0528278C5358008A2EE1 /* LabelWithDate */,
				673A0527278C534B008A2EE1 /* LabelWithTextField */,
			);
			path = "Global Components";
			sourceTree = "<group>";
		};
		673A0527278C534B008A2EE1 /* LabelWithTextField */ = {
			isa = PBXGroup;
			children = (
				673A0523278C532E008A2EE1 /* LabelWithTextField.swift */,
				673A0525278C533E008A2EE1 /* LabelWithTextField.xib */,
			);
			path = LabelWithTextField;
			sourceTree = "<group>";
		};
		673A0528278C5358008A2EE1 /* LabelWithDate */ = {
			isa = PBXGroup;
			children = (
				673A0529278C536B008A2EE1 /* LabelWithDate.swift */,
				673A052B278C5377008A2EE1 /* LabelWithDate.xib */,
			);
			path = LabelWithDate;
			sourceTree = "<group>";
		};
		67F09F0F27732E0500B0C469 /* CustomComponents */ = {
			isa = PBXGroup;
			children = (
				67F09F1027732E3300B0C469 /* FoodRecordCell.swift */,
				67F09F1127732E3300B0C469 /* FoodRecordCell.xib */,
				67F09F1427732F7100B0C469 /* CompostTableCell.swift */,
				67F09F1527732F7100B0C469 /* CompostTableCell.xib */,
				67F09F1A27732FC700B0C469 /* FoodCategoryCell.swift */,
				67F09F1B27732FC700B0C469 /* FoodCategoryCell.xib */,
				673A051A278BF676008A2EE1 /* FoodItemRecommendationCell.swift */,
				673A051B278BF676008A2EE1 /* FoodItemRecommendationCell.xib */,
				673A051E278C4A74008A2EE1 /* FoodCategoryCollectionCell.swift */,
				673A051F278C4A74008A2EE1 /* FoodCategoryCollectionCell.xib */,
				67461DD527945B87005BFFD8 /* ArticleListCell.swift */,
				67461DD627945B87005BFFD8 /* ArticleListCell.xib */,
			);
			path = CustomComponents;
			sourceTree = "<group>";
		};
		67F09F242773310400B0C469 /* Extensions */ = {
			isa = PBXGroup;
			children = (
				67F09F222773309800B0C469 /* UIButton+Extension.swift */,
				67F09F202773307200B0C469 /* Date+Extension.swift */,
				67F09F252773311D00B0C469 /* Int+Extension.swift */,
				67F09F272773312C00B0C469 /* String+Extension.swift */,
				67F09F292773313D00B0C469 /* TableViewCell+Extension.swift */,
				67F09F2B2773314A00B0C469 /* Cell+Extension.swift */,
				67285C682782B715009108D7 /* UIColor+Extension.swift */,
				67285C6A2782B720009108D7 /* UIImage+Extension.swift */,
				67285C6C2782B72F009108D7 /* UILabel+Extension.swift */,
				67285C6E2782B73C009108D7 /* UIView+Extension.swift */,
				67285C702782B74D009108D7 /* UIViewController+Extension.swift */,
				67285C722782B75D009108D7 /* UIImageView+Extension.swift */,
				67285C742782B76D009108D7 /* UIPageView+Extension.swift */,
				67285C762782B77B009108D7 /* UIDevice+Extension.swift */,
			);
			path = Extensions;
			sourceTree = "<group>";
		};
		67F35B36276AE2460068985B = {
			isa = PBXGroup;
			children = (
				67F35B41276AE2470068985B /* foodtracker-thesis */,
				67F35B5B276AE2490068985B /* foodtracker-thesisTests */,
				67F35B65276AE2490068985B /* foodtracker-thesisUITests */,
				67F35B40276AE2470068985B /* Products */,
			);
			sourceTree = "<group>";
		};
		67F35B40276AE2470068985B /* Products */ = {
			isa = PBXGroup;
			children = (
				67F35B3F276AE2470068985B /* foodtracker-thesis.app */,
				67F35B58276AE2490068985B /* foodtracker-thesisTests.xctest */,
				67F35B62276AE2490068985B /* foodtracker-thesisUITests.xctest */,
			);
			name = Products;
			sourceTree = "<group>";
		};
		67F35B41276AE2470068985B /* foodtracker-thesis */ = {
			isa = PBXGroup;
			children = (
				671B634B27707126007CD051 /* Helpers */,
				67F35B75276B29B30068985B /* Displays */,
				67F35B42276AE2470068985B /* AppDelegate.swift */,
				67F35B44276AE2470068985B /* SceneDelegate.swift */,
				67F35B46276AE2470068985B /* ViewController.swift */,
				67F35B48276AE2470068985B /* Main.storyboard */,
				67F35B4E276AE2480068985B /* Assets.xcassets */,
				67F35B50276AE2480068985B /* LaunchScreen.storyboard */,
				67F35B53276AE2480068985B /* Info.plist */,
				671B634627706FB3007CD051 /* Core */,
			);
			path = "foodtracker-thesis";
			sourceTree = "<group>";
		};
		67F35B5B276AE2490068985B /* foodtracker-thesisTests */ = {
			isa = PBXGroup;
			children = (
				67F35B5C276AE2490068985B /* foodtracker_thesisTests.swift */,
			);
			path = "foodtracker-thesisTests";
			sourceTree = "<group>";
		};
		67F35B65276AE2490068985B /* foodtracker-thesisUITests */ = {
			isa = PBXGroup;
			children = (
				67F35B66276AE2490068985B /* foodtracker_thesisUITests.swift */,
				67F35B68276AE2490068985B /* foodtracker_thesisUITestsLaunchTests.swift */,
			);
			path = "foodtracker-thesisUITests";
			sourceTree = "<group>";
		};
		67F35B75276B29B30068985B /* Displays */ = {
			isa = PBXGroup;
			children = (
				673A0522278C52EB008A2EE1 /* Global Components */,
				67285C9127845F52009108D7 /* Article */,
				67285C8E27845E79009108D7 /* RootTabBar */,
				67285C782782BA59009108D7 /* FoodTracker */,
				67285C792782BA68009108D7 /* Compost */,
				67F09F0F27732E0500B0C469 /* CustomComponents */,
			);
			path = Displays;
			sourceTree = "<group>";
		};
/* End PBXGroup section */

/* Begin PBXNativeTarget section */
		67F35B3E276AE2470068985B /* foodtracker-thesis */ = {
			isa = PBXNativeTarget;
			buildConfigurationList = 67F35B6C276AE2490068985B /* Build configuration list for PBXNativeTarget "foodtracker-thesis" */;
			buildPhases = (
				67F35B3B276AE2470068985B /* Sources */,
				67F35B3C276AE2470068985B /* Frameworks */,
				67F35B3D276AE2470068985B /* Resources */,
			);
			buildRules = (
			);
			dependencies = (
			);
			name = "foodtracker-thesis";
			productName = "foodtracker-thesis";
			productReference = 67F35B3F276AE2470068985B /* foodtracker-thesis.app */;
			productType = "com.apple.product-type.application";
		};
		67F35B57276AE2490068985B /* foodtracker-thesisTests */ = {
			isa = PBXNativeTarget;
			buildConfigurationList = 67F35B6F276AE2490068985B /* Build configuration list for PBXNativeTarget "foodtracker-thesisTests" */;
			buildPhases = (
				67F35B54276AE2490068985B /* Sources */,
				67F35B55276AE2490068985B /* Frameworks */,
				67F35B56276AE2490068985B /* Resources */,
			);
			buildRules = (
			);
			dependencies = (
				67F35B5A276AE2490068985B /* PBXTargetDependency */,
			);
			name = "foodtracker-thesisTests";
			productName = "foodtracker-thesisTests";
			productReference = 67F35B58276AE2490068985B /* foodtracker-thesisTests.xctest */;
			productType = "com.apple.product-type.bundle.unit-test";
		};
		67F35B61276AE2490068985B /* foodtracker-thesisUITests */ = {
			isa = PBXNativeTarget;
			buildConfigurationList = 67F35B72276AE2490068985B /* Build configuration list for PBXNativeTarget "foodtracker-thesisUITests" */;
			buildPhases = (
				67F35B5E276AE2490068985B /* Sources */,
				67F35B5F276AE2490068985B /* Frameworks */,
				67F35B60276AE2490068985B /* Resources */,
			);
			buildRules = (
			);
			dependencies = (
				67F35B64276AE2490068985B /* PBXTargetDependency */,
			);
			name = "foodtracker-thesisUITests";
			productName = "foodtracker-thesisUITests";
			productReference = 67F35B62276AE2490068985B /* foodtracker-thesisUITests.xctest */;
			productType = "com.apple.product-type.bundle.ui-testing";
		};
/* End PBXNativeTarget section */

/* Begin PBXProject section */
		67F35B37276AE2460068985B /* Project object */ = {
			isa = PBXProject;
			attributes = {
				BuildIndependentTargetsInParallel = 1;
				LastSwiftUpdateCheck = 1320;
				LastUpgradeCheck = 1320;
				TargetAttributes = {
					67F35B3E276AE2470068985B = {
						CreatedOnToolsVersion = 13.2;
					};
					67F35B57276AE2490068985B = {
						CreatedOnToolsVersion = 13.2;
						TestTargetID = 67F35B3E276AE2470068985B;
					};
					67F35B61276AE2490068985B = {
						CreatedOnToolsVersion = 13.2;
						TestTargetID = 67F35B3E276AE2470068985B;
					};
				};
			};
			buildConfigurationList = 67F35B3A276AE2470068985B /* Build configuration list for PBXProject "foodtracker-thesis" */;
			compatibilityVersion = "Xcode 13.0";
			developmentRegion = en;
			hasScannedForEncodings = 0;
			knownRegions = (
				en,
				Base,
			);
			mainGroup = 67F35B36276AE2460068985B;
			productRefGroup = 67F35B40276AE2470068985B /* Products */;
			projectDirPath = "";
			projectRoot = "";
			targets = (
				67F35B3E276AE2470068985B /* foodtracker-thesis */,
				67F35B57276AE2490068985B /* foodtracker-thesisTests */,
				67F35B61276AE2490068985B /* foodtracker-thesisUITests */,
			);
		};
/* End PBXProject section */

/* Begin PBXResourcesBuildPhase section */
		67F35B3D276AE2470068985B /* Resources */ = {
			isa = PBXResourcesBuildPhase;
			buildActionMask = 2147483647;
			files = (
				67461DD827945B87005BFFD8 /* ArticleListCell.xib in Resources */,
				67F35B52276AE2480068985B /* LaunchScreen.storyboard in Resources */,
				67285C9327845F62009108D7 /* ArticleList.storyboard in Resources */,
				67F09F1727732F7100B0C469 /* CompostTableCell.xib in Resources */,
				67285C8B27845E40009108D7 /* CompostForm.storyboard in Resources */,
				67F35B4F276AE2480068985B /* Assets.xcassets in Resources */,
				673A052C278C5377008A2EE1 /* LabelWithDate.xib in Resources */,
				67285C8827845E12009108D7 /* FoodForm.storyboard in Resources */,
				673A0521278C4A74008A2EE1 /* FoodCategoryCollectionCell.xib in Resources */,
				67285C9B27845FAC009108D7 /* ArticleDetail.storyboard in Resources */,
				67F09F1327732E3300B0C469 /* FoodRecordCell.xib in Resources */,
				67285C9027845E8F009108D7 /* RootTabBar.storyboard in Resources */,
				67285C7B2782BA98009108D7 /* FoodTracker.storyboard in Resources */,
				67F35B4A276AE2470068985B /* Main.storyboard in Resources */,
				673A0526278C533E008A2EE1 /* LabelWithTextField.xib in Resources */,
				673A051D278BF676008A2EE1 /* FoodItemRecommendationCell.xib in Resources */,
				67285C7F27845DB9009108D7 /* CompostList.storyboard in Resources */,
				67F09F1D27732FC700B0C469 /* FoodCategoryCell.xib in Resources */,
			);
			runOnlyForDeploymentPostprocessing = 0;
		};
		67F35B56276AE2490068985B /* Resources */ = {
			isa = PBXResourcesBuildPhase;
			buildActionMask = 2147483647;
			files = (
			);
			runOnlyForDeploymentPostprocessing = 0;
		};
		67F35B60276AE2490068985B /* Resources */ = {
			isa = PBXResourcesBuildPhase;
			buildActionMask = 2147483647;
			files = (
			);
			runOnlyForDeploymentPostprocessing = 0;
		};
/* End PBXResourcesBuildPhase section */

/* Begin PBXSourcesBuildPhase section */
		67F35B3B276AE2470068985B /* Sources */ = {
			isa = PBXSourcesBuildPhase;
			buildActionMask = 2147483647;
			files = (
				67F35B47276AE2470068985B /* ViewController.swift in Sources */,
				673A050B278BE38E008A2EE1 /* FoodCategoryRepository.swift in Sources */,
				67F09F2C2773314A00B0C469 /* Cell+Extension.swift in Sources */,
				67F09F2A2773313D00B0C469 /* TableViewCell+Extension.swift in Sources */,
				673A051C278BF676008A2EE1 /* FoodItemRecommendationCell.swift in Sources */,
				67F09F212773307200B0C469 /* Date+Extension.swift in Sources */,
				67285C8427845DF8009108D7 /* FoodFormViewController.swift in Sources */,
				67F09F1227732E3300B0C469 /* FoodRecordCell.swift in Sources */,
				673A0524278C532E008A2EE1 /* LabelWithTextField.swift in Sources */,
				67285C7D2782BAB8009108D7 /* FoodTrackerViewController.swift in Sources */,
				67461DD727945B87005BFFD8 /* ArticleListCell.swift in Sources */,
				67F09F232773309800B0C469 /* UIButton+Extension.swift in Sources */,
				67285C772782B77B009108D7 /* UIDevice+Extension.swift in Sources */,
				67F35B43276AE2470068985B /* AppDelegate.swift in Sources */,
				673A0520278C4A74008A2EE1 /* FoodCategoryCollectionCell.swift in Sources */,
				67285C752782B76D009108D7 /* UIPageView+Extension.swift in Sources */,
				67285C692782B715009108D7 /* UIColor+Extension.swift in Sources */,
				67285C712782B74D009108D7 /* UIViewController+Extension.swift in Sources */,
				67285C9527845F6D009108D7 /* ArticleListViewController.swift in Sources */,
				67285C732782B75D009108D7 /* UIImageView+Extension.swift in Sources */,
				67285C8D27845E4F009108D7 /* CompostFormViewController.swift in Sources */,
				673A0507278BE20C008A2EE1 /* PreloadFoodData.swift in Sources */,
				673A0513278BEA54008A2EE1 /* PreloadCompostData.swift in Sources */,
				67285C6D2782B72F009108D7 /* UILabel+Extension.swift in Sources */,
				67F09F1C27732FC700B0C469 /* FoodCategoryCell.swift in Sources */,
				673A0511278BEA44008A2EE1 /* PreloadFoodCategory.swift in Sources */,
				673A050D278BE9DA008A2EE1 /* CompostDataRepsitory.swift in Sources */,
				67F09F282773312C00B0C469 /* String+Extension.swift in Sources */,
				673A0509278BE24F008A2EE1 /* FoodDataRepository.swift in Sources */,
				673A0515278BEA62008A2EE1 /* PreloadCompostDetail.swift in Sources */,
				67285C8127845DC6009108D7 /* CompostListViewController.swift in Sources */,
				673A052A278C536B008A2EE1 /* LabelWithDate.swift in Sources */,
				67F35B4D276AE2470068985B /* foodtracker_thesis.xcdatamodeld in Sources */,
				67285C6F2782B73C009108D7 /* UIView+Extension.swift in Sources */,
				671B634A27707018007CD051 /* CoreDataManager.swift in Sources */,
				67285C9927845FA1009108D7 /* ArticleDetailViewController.swift in Sources */,
				67285C6B2782B720009108D7 /* UIImage+Extension.swift in Sources */,
				67F35B45276AE2470068985B /* SceneDelegate.swift in Sources */,
				67F09F262773311D00B0C469 /* Int+Extension.swift in Sources */,
				67F09F1627732F7100B0C469 /* CompostTableCell.swift in Sources */,
				673A050F278BEA34008A2EE1 /* CompostDetailRepository.swift in Sources */,
				671B634D27707135007CD051 /* Constants.swift in Sources */,
			);
			runOnlyForDeploymentPostprocessing = 0;
		};
		67F35B54276AE2490068985B /* Sources */ = {
			isa = PBXSourcesBuildPhase;
			buildActionMask = 2147483647;
			files = (
				67F35B5D276AE2490068985B /* foodtracker_thesisTests.swift in Sources */,
			);
			runOnlyForDeploymentPostprocessing = 0;
		};
		67F35B5E276AE2490068985B /* Sources */ = {
			isa = PBXSourcesBuildPhase;
			buildActionMask = 2147483647;
			files = (
				67F35B67276AE2490068985B /* foodtracker_thesisUITests.swift in Sources */,
				67F35B69276AE2490068985B /* foodtracker_thesisUITestsLaunchTests.swift in Sources */,
			);
			runOnlyForDeploymentPostprocessing = 0;
		};
/* End PBXSourcesBuildPhase section */

/* Begin PBXTargetDependency section */
		67F35B5A276AE2490068985B /* PBXTargetDependency */ = {
			isa = PBXTargetDependency;
			target = 67F35B3E276AE2470068985B /* foodtracker-thesis */;
			targetProxy = 67F35B59276AE2490068985B /* PBXContainerItemProxy */;
		};
		67F35B64276AE2490068985B /* PBXTargetDependency */ = {
			isa = PBXTargetDependency;
			target = 67F35B3E276AE2470068985B /* foodtracker-thesis */;
			targetProxy = 67F35B63276AE2490068985B /* PBXContainerItemProxy */;
		};
/* End PBXTargetDependency section */

/* Begin PBXVariantGroup section */
		67F35B48276AE2470068985B /* Main.storyboard */ = {
			isa = PBXVariantGroup;
			children = (
				67F35B49276AE2470068985B /* Base */,
			);
			name = Main.storyboard;
			sourceTree = "<group>";
		};
		67F35B50276AE2480068985B /* LaunchScreen.storyboard */ = {
			isa = PBXVariantGroup;
			children = (
				67F35B51276AE2480068985B /* Base */,
			);
			name = LaunchScreen.storyboard;
			sourceTree = "<group>";
		};
/* End PBXVariantGroup section */

/* Begin XCBuildConfiguration section */
		67F35B6A276AE2490068985B /* Debug */ = {
			isa = XCBuildConfiguration;
			buildSettings = {
				ALWAYS_SEARCH_USER_PATHS = NO;
				CLANG_ANALYZER_NONNULL = YES;
				CLANG_ANALYZER_NUMBER_OBJECT_CONVERSION = YES_AGGRESSIVE;
				CLANG_CXX_LANGUAGE_STANDARD = "gnu++17";
				CLANG_CXX_LIBRARY = "libc++";
				CLANG_ENABLE_MODULES = YES;
				CLANG_ENABLE_OBJC_ARC = YES;
				CLANG_ENABLE_OBJC_WEAK = YES;
				CLANG_WARN_BLOCK_CAPTURE_AUTORELEASING = YES;
				CLANG_WARN_BOOL_CONVERSION = YES;
				CLANG_WARN_COMMA = YES;
				CLANG_WARN_CONSTANT_CONVERSION = YES;
				CLANG_WARN_DEPRECATED_OBJC_IMPLEMENTATIONS = YES;
				CLANG_WARN_DIRECT_OBJC_ISA_USAGE = YES_ERROR;
				CLANG_WARN_DOCUMENTATION_COMMENTS = YES;
				CLANG_WARN_EMPTY_BODY = YES;
				CLANG_WARN_ENUM_CONVERSION = YES;
				CLANG_WARN_INFINITE_RECURSION = YES;
				CLANG_WARN_INT_CONVERSION = YES;
				CLANG_WARN_NON_LITERAL_NULL_CONVERSION = YES;
				CLANG_WARN_OBJC_IMPLICIT_RETAIN_SELF = YES;
				CLANG_WARN_OBJC_LITERAL_CONVERSION = YES;
				CLANG_WARN_OBJC_ROOT_CLASS = YES_ERROR;
				CLANG_WARN_QUOTED_INCLUDE_IN_FRAMEWORK_HEADER = YES;
				CLANG_WARN_RANGE_LOOP_ANALYSIS = YES;
				CLANG_WARN_STRICT_PROTOTYPES = YES;
				CLANG_WARN_SUSPICIOUS_MOVE = YES;
				CLANG_WARN_UNGUARDED_AVAILABILITY = YES_AGGRESSIVE;
				CLANG_WARN_UNREACHABLE_CODE = YES;
				CLANG_WARN__DUPLICATE_METHOD_MATCH = YES;
				COPY_PHASE_STRIP = NO;
				DEBUG_INFORMATION_FORMAT = dwarf;
				ENABLE_STRICT_OBJC_MSGSEND = YES;
				ENABLE_TESTABILITY = YES;
				GCC_C_LANGUAGE_STANDARD = gnu11;
				GCC_DYNAMIC_NO_PIC = NO;
				GCC_NO_COMMON_BLOCKS = YES;
				GCC_OPTIMIZATION_LEVEL = 0;
				GCC_PREPROCESSOR_DEFINITIONS = (
					"DEBUG=1",
					"$(inherited)",
				);
				GCC_WARN_64_TO_32_BIT_CONVERSION = YES;
				GCC_WARN_ABOUT_RETURN_TYPE = YES_ERROR;
				GCC_WARN_UNDECLARED_SELECTOR = YES;
				GCC_WARN_UNINITIALIZED_AUTOS = YES_AGGRESSIVE;
				GCC_WARN_UNUSED_FUNCTION = YES;
				GCC_WARN_UNUSED_VARIABLE = YES;
				IPHONEOS_DEPLOYMENT_TARGET = 15.2;
				MTL_ENABLE_DEBUG_INFO = INCLUDE_SOURCE;
				MTL_FAST_MATH = YES;
				ONLY_ACTIVE_ARCH = YES;
				SDKROOT = iphoneos;
				SWIFT_ACTIVE_COMPILATION_CONDITIONS = DEBUG;
				SWIFT_OPTIMIZATION_LEVEL = "-Onone";
			};
			name = Debug;
		};
		67F35B6B276AE2490068985B /* Release */ = {
			isa = XCBuildConfiguration;
			buildSettings = {
				ALWAYS_SEARCH_USER_PATHS = NO;
				CLANG_ANALYZER_NONNULL = YES;
				CLANG_ANALYZER_NUMBER_OBJECT_CONVERSION = YES_AGGRESSIVE;
				CLANG_CXX_LANGUAGE_STANDARD = "gnu++17";
				CLANG_CXX_LIBRARY = "libc++";
				CLANG_ENABLE_MODULES = YES;
				CLANG_ENABLE_OBJC_ARC = YES;
				CLANG_ENABLE_OBJC_WEAK = YES;
				CLANG_WARN_BLOCK_CAPTURE_AUTORELEASING = YES;
				CLANG_WARN_BOOL_CONVERSION = YES;
				CLANG_WARN_COMMA = YES;
				CLANG_WARN_CONSTANT_CONVERSION = YES;
				CLANG_WARN_DEPRECATED_OBJC_IMPLEMENTATIONS = YES;
				CLANG_WARN_DIRECT_OBJC_ISA_USAGE = YES_ERROR;
				CLANG_WARN_DOCUMENTATION_COMMENTS = YES;
				CLANG_WARN_EMPTY_BODY = YES;
				CLANG_WARN_ENUM_CONVERSION = YES;
				CLANG_WARN_INFINITE_RECURSION = YES;
				CLANG_WARN_INT_CONVERSION = YES;
				CLANG_WARN_NON_LITERAL_NULL_CONVERSION = YES;
				CLANG_WARN_OBJC_IMPLICIT_RETAIN_SELF = YES;
				CLANG_WARN_OBJC_LITERAL_CONVERSION = YES;
				CLANG_WARN_OBJC_ROOT_CLASS = YES_ERROR;
				CLANG_WARN_QUOTED_INCLUDE_IN_FRAMEWORK_HEADER = YES;
				CLANG_WARN_RANGE_LOOP_ANALYSIS = YES;
				CLANG_WARN_STRICT_PROTOTYPES = YES;
				CLANG_WARN_SUSPICIOUS_MOVE = YES;
				CLANG_WARN_UNGUARDED_AVAILABILITY = YES_AGGRESSIVE;
				CLANG_WARN_UNREACHABLE_CODE = YES;
				CLANG_WARN__DUPLICATE_METHOD_MATCH = YES;
				COPY_PHASE_STRIP = NO;
				DEBUG_INFORMATION_FORMAT = "dwarf-with-dsym";
				ENABLE_NS_ASSERTIONS = NO;
				ENABLE_STRICT_OBJC_MSGSEND = YES;
				GCC_C_LANGUAGE_STANDARD = gnu11;
				GCC_NO_COMMON_BLOCKS = YES;
				GCC_WARN_64_TO_32_BIT_CONVERSION = YES;
				GCC_WARN_ABOUT_RETURN_TYPE = YES_ERROR;
				GCC_WARN_UNDECLARED_SELECTOR = YES;
				GCC_WARN_UNINITIALIZED_AUTOS = YES_AGGRESSIVE;
				GCC_WARN_UNUSED_FUNCTION = YES;
				GCC_WARN_UNUSED_VARIABLE = YES;
				IPHONEOS_DEPLOYMENT_TARGET = 15.2;
				MTL_ENABLE_DEBUG_INFO = NO;
				MTL_FAST_MATH = YES;
				SDKROOT = iphoneos;
				SWIFT_COMPILATION_MODE = wholemodule;
				SWIFT_OPTIMIZATION_LEVEL = "-O";
				VALIDATE_PRODUCT = YES;
			};
			name = Release;
		};
		67F35B6D276AE2490068985B /* Debug */ = {
			isa = XCBuildConfiguration;
			buildSettings = {
				ASSETCATALOG_COMPILER_APPICON_NAME = AppIcon;
				ASSETCATALOG_COMPILER_GLOBAL_ACCENT_COLOR_NAME = AccentColor;
				CODE_SIGN_STYLE = Automatic;
				CURRENT_PROJECT_VERSION = 1;
				DEVELOPMENT_TEAM = FTDV5D2867;
				GENERATE_INFOPLIST_FILE = YES;
				INFOPLIST_FILE = "foodtracker-thesis/Info.plist";
				INFOPLIST_KEY_UIApplicationSupportsIndirectInputEvents = YES;
				INFOPLIST_KEY_UILaunchStoryboardName = LaunchScreen;
				INFOPLIST_KEY_UIMainStoryboardFile = Main;
				INFOPLIST_KEY_UISupportedInterfaceOrientations_iPad = "UIInterfaceOrientationPortrait UIInterfaceOrientationPortraitUpsideDown UIInterfaceOrientationLandscapeLeft UIInterfaceOrientationLandscapeRight";
				INFOPLIST_KEY_UISupportedInterfaceOrientations_iPhone = "UIInterfaceOrientationPortrait UIInterfaceOrientationLandscapeLeft UIInterfaceOrientationLandscapeRight";
				LD_RUNPATH_SEARCH_PATHS = (
					"$(inherited)",
					"@executable_path/Frameworks",
				);
				MARKETING_VERSION = 1.0;
				PRODUCT_BUNDLE_IDENTIFIER = "audreyaureliachang.foodtracker-thesis";
				PRODUCT_NAME = "$(TARGET_NAME)";
				SWIFT_EMIT_LOC_STRINGS = YES;
				SWIFT_VERSION = 5.0;
				TARGETED_DEVICE_FAMILY = "1,2";
			};
			name = Debug;
		};
		67F35B6E276AE2490068985B /* Release */ = {
			isa = XCBuildConfiguration;
			buildSettings = {
				ASSETCATALOG_COMPILER_APPICON_NAME = AppIcon;
				ASSETCATALOG_COMPILER_GLOBAL_ACCENT_COLOR_NAME = AccentColor;
				CODE_SIGN_STYLE = Automatic;
				CURRENT_PROJECT_VERSION = 1;
				DEVELOPMENT_TEAM = FTDV5D2867;
				GENERATE_INFOPLIST_FILE = YES;
				INFOPLIST_FILE = "foodtracker-thesis/Info.plist";
				INFOPLIST_KEY_UIApplicationSupportsIndirectInputEvents = YES;
				INFOPLIST_KEY_UILaunchStoryboardName = LaunchScreen;
				INFOPLIST_KEY_UIMainStoryboardFile = Main;
				INFOPLIST_KEY_UISupportedInterfaceOrientations_iPad = "UIInterfaceOrientationPortrait UIInterfaceOrientationPortraitUpsideDown UIInterfaceOrientationLandscapeLeft UIInterfaceOrientationLandscapeRight";
				INFOPLIST_KEY_UISupportedInterfaceOrientations_iPhone = "UIInterfaceOrientationPortrait UIInterfaceOrientationLandscapeLeft UIInterfaceOrientationLandscapeRight";
				LD_RUNPATH_SEARCH_PATHS = (
					"$(inherited)",
					"@executable_path/Frameworks",
				);
				MARKETING_VERSION = 1.0;
				PRODUCT_BUNDLE_IDENTIFIER = "audreyaureliachang.foodtracker-thesis";
				PRODUCT_NAME = "$(TARGET_NAME)";
				SWIFT_EMIT_LOC_STRINGS = YES;
				SWIFT_VERSION = 5.0;
				TARGETED_DEVICE_FAMILY = "1,2";
			};
			name = Release;
		};
		67F35B70276AE2490068985B /* Debug */ = {
			isa = XCBuildConfiguration;
			buildSettings = {
				ALWAYS_EMBED_SWIFT_STANDARD_LIBRARIES = YES;
				BUNDLE_LOADER = "$(TEST_HOST)";
				CODE_SIGN_STYLE = Automatic;
				CURRENT_PROJECT_VERSION = 1;
				DEVELOPMENT_TEAM = FTDV5D2867;
				GENERATE_INFOPLIST_FILE = YES;
				IPHONEOS_DEPLOYMENT_TARGET = 15.2;
				MARKETING_VERSION = 1.0;
				PRODUCT_BUNDLE_IDENTIFIER = "audreyaureliachang.foodtracker-thesisTests";
				PRODUCT_NAME = "$(TARGET_NAME)";
				SWIFT_EMIT_LOC_STRINGS = NO;
				SWIFT_VERSION = 5.0;
				TARGETED_DEVICE_FAMILY = "1,2";
				TEST_HOST = "$(BUILT_PRODUCTS_DIR)/foodtracker-thesis.app/foodtracker-thesis";
			};
			name = Debug;
		};
		67F35B71276AE2490068985B /* Release */ = {
			isa = XCBuildConfiguration;
			buildSettings = {
				ALWAYS_EMBED_SWIFT_STANDARD_LIBRARIES = YES;
				BUNDLE_LOADER = "$(TEST_HOST)";
				CODE_SIGN_STYLE = Automatic;
				CURRENT_PROJECT_VERSION = 1;
				DEVELOPMENT_TEAM = FTDV5D2867;
				GENERATE_INFOPLIST_FILE = YES;
				IPHONEOS_DEPLOYMENT_TARGET = 15.2;
				MARKETING_VERSION = 1.0;
				PRODUCT_BUNDLE_IDENTIFIER = "audreyaureliachang.foodtracker-thesisTests";
				PRODUCT_NAME = "$(TARGET_NAME)";
				SWIFT_EMIT_LOC_STRINGS = NO;
				SWIFT_VERSION = 5.0;
				TARGETED_DEVICE_FAMILY = "1,2";
				TEST_HOST = "$(BUILT_PRODUCTS_DIR)/foodtracker-thesis.app/foodtracker-thesis";
			};
			name = Release;
		};
		67F35B73276AE2490068985B /* Debug */ = {
			isa = XCBuildConfiguration;
			buildSettings = {
				ALWAYS_EMBED_SWIFT_STANDARD_LIBRARIES = YES;
				CODE_SIGN_STYLE = Automatic;
				CURRENT_PROJECT_VERSION = 1;
				DEVELOPMENT_TEAM = FTDV5D2867;
				GENERATE_INFOPLIST_FILE = YES;
				MARKETING_VERSION = 1.0;
				PRODUCT_BUNDLE_IDENTIFIER = "audreyaureliachang.foodtracker-thesisUITests";
				PRODUCT_NAME = "$(TARGET_NAME)";
				SWIFT_EMIT_LOC_STRINGS = NO;
				SWIFT_VERSION = 5.0;
				TARGETED_DEVICE_FAMILY = "1,2";
				TEST_TARGET_NAME = "foodtracker-thesis";
			};
			name = Debug;
		};
		67F35B74276AE2490068985B /* Release */ = {
			isa = XCBuildConfiguration;
			buildSettings = {
				ALWAYS_EMBED_SWIFT_STANDARD_LIBRARIES = YES;
				CODE_SIGN_STYLE = Automatic;
				CURRENT_PROJECT_VERSION = 1;
				DEVELOPMENT_TEAM = FTDV5D2867;
				GENERATE_INFOPLIST_FILE = YES;
				MARKETING_VERSION = 1.0;
				PRODUCT_BUNDLE_IDENTIFIER = "audreyaureliachang.foodtracker-thesisUITests";
				PRODUCT_NAME = "$(TARGET_NAME)";
				SWIFT_EMIT_LOC_STRINGS = NO;
				SWIFT_VERSION = 5.0;
				TARGETED_DEVICE_FAMILY = "1,2";
				TEST_TARGET_NAME = "foodtracker-thesis";
			};
			name = Release;
		};
/* End XCBuildConfiguration section */

/* Begin XCConfigurationList section */
		67F35B3A276AE2470068985B /* Build configuration list for PBXProject "foodtracker-thesis" */ = {
			isa = XCConfigurationList;
			buildConfigurations = (
				67F35B6A276AE2490068985B /* Debug */,
				67F35B6B276AE2490068985B /* Release */,
			);
			defaultConfigurationIsVisible = 0;
			defaultConfigurationName = Release;
		};
		67F35B6C276AE2490068985B /* Build configuration list for PBXNativeTarget "foodtracker-thesis" */ = {
			isa = XCConfigurationList;
			buildConfigurations = (
				67F35B6D276AE2490068985B /* Debug */,
				67F35B6E276AE2490068985B /* Release */,
			);
			defaultConfigurationIsVisible = 0;
			defaultConfigurationName = Release;
		};
		67F35B6F276AE2490068985B /* Build configuration list for PBXNativeTarget "foodtracker-thesisTests" */ = {
			isa = XCConfigurationList;
			buildConfigurations = (
				67F35B70276AE2490068985B /* Debug */,
				67F35B71276AE2490068985B /* Release */,
			);
			defaultConfigurationIsVisible = 0;
			defaultConfigurationName = Release;
		};
		67F35B72276AE2490068985B /* Build configuration list for PBXNativeTarget "foodtracker-thesisUITests" */ = {
			isa = XCConfigurationList;
			buildConfigurations = (
				67F35B73276AE2490068985B /* Debug */,
				67F35B74276AE2490068985B /* Release */,
			);
			defaultConfigurationIsVisible = 0;
			defaultConfigurationName = Release;
		};
/* End XCConfigurationList section */

/* Begin XCVersionGroup section */
		67F35B4B276AE2470068985B /* foodtracker_thesis.xcdatamodeld */ = {
			isa = XCVersionGroup;
			children = (
				67F35B4C276AE2470068985B /* foodtracker_thesis.xcdatamodel */,
			);
			currentVersion = 67F35B4C276AE2470068985B /* foodtracker_thesis.xcdatamodel */;
			path = foodtracker_thesis.xcdatamodeld;
			sourceTree = "<group>";
			versionGroupType = wrapper.xcdatamodel;
		};
/* End XCVersionGroup section */
	};
	rootObject = 67F35B37276AE2460068985B /* Project object */;
}
